
Microsoft Visual Studio Solution File, Format Version 12.00
# Visual Studio Version 17
VisualStudioVersion = 17.13.35828.75 d17.13
MinimumVisualStudioVersion = 10.0.40219.1
Project("{FAE04EC0-301F-11D3-BF4B-00C04F79EFBC}") = "LoanManagement.API", "LoanManagement.API.csproj", "{BEA457F1-2601-4080-9DC2-F98C38115841}"
EndProject
Global
	GlobalSection(SolutionConfigurationPlatforms) = preSolution
		Debug|Any CPU = Debug|Any CPU
		Release|Any CPU = Release|Any CPU
	EndGlobalSection
	GlobalSection(ProjectConfigurationPlatforms) = postSolution
		{BEA457F1-2601-4080-9DC2-F98C38115841}.Debug|Any CPU.ActiveCfg = Debug|Any CPU
		{BEA457F1-2601-4080-9DC2-F98C38115841}.Debug|Any CPU.Build.0 = Debug|Any CPU
		{BEA457F1-2601-4080-9DC2-F98C38115841}.Release|Any CPU.ActiveCfg = Release|Any CPU
		{BEA457F1-2601-4080-9DC2-F98C38115841}.Release|Any CPU.Build.0 = Release|Any CPU
	EndGlobalSection
	GlobalSection(SolutionProperties) = preSolution
		HideSolutionNode = FALSE
	EndGlobalSection
	GlobalSection(ExtensibilityGlobals) = postSolution
		SolutionGuid = {FCBC1CFD-B2A0-49CD-9C0A-FEF8778A30A2}
	EndGlobalSection
EndGlobal
